
Microsoft Visual Studio Solution File, Format Version 12.00
# Visual Studio Version 17
VisualStudioVersion = 17.11.35312.102
MinimumVisualStudioVersion = 10.0.40219.1
Project("{FAE04EC0-301F-11D3-BF4B-00C04F79EFBC}") = "SzambevitelWPF", "SzambevitelWPF\SzambevitelWPF.csproj", "{10CD9B0A-CE29-4ACC-BD41-3EC723B0CD8A}"
EndProject
Global
	GlobalSection(SolutionConfigurationPlatforms) = preSolution
		Debug|Any CPU = Debug|Any CPU
		Release|Any CPU = Release|Any CPU
	EndGlobalSection
	GlobalSection(ProjectConfigurationPlatforms) = postSolution
		{10CD9B0A-CE29-4ACC-BD41-3EC723B0CD8A}.Debug|Any CPU.ActiveCfg = Debug|Any CPU
		{10CD9B0A-CE29-4ACC-BD41-3EC723B0CD8A}.Debug|Any CPU.Build.0 = Debug|Any CPU
		{10CD9B0A-CE29-4ACC-BD41-3EC723B0CD8A}.Release|Any CPU.ActiveCfg = Release|Any CPU
		{10CD9B0A-CE29-4ACC-BD41-3EC723B0CD8A}.Release|Any CPU.Build.0 = Release|Any CPU
	EndGlobalSection
	GlobalSection(SolutionProperties) = preSolution
		HideSolutionNode = FALSE
	EndGlobalSection
	GlobalSection(ExtensibilityGlobals) = postSolution
		SolutionGuid = {28C427EB-99EC-46C4-8C23-AD8C0BF64BB8}
	EndGlobalSection
EndGlobal
